<?xml version="1.0"?>
<Project ToolsVersion="4.0" xmlns="http://schemas.microsoft.com/developer/msbuild/2003">
	<ItemGroup>
		<ClCompile Include="src\ofApp.cpp">
			<Filter>src</Filter>
		</ClCompile>
		<ClCompile Include="src\main.cpp">
			<Filter>src</Filter>
		</ClCompile>
		<ClCompile Include="src\main.cpp">
			<Filter>src</Filter>
		</ClCompile>
		<ClCompile Include="src\ofApp.cpp">
			<Filter>src</Filter>
		</ClCompile>
		<ClCompile Include="..\..\Downloads\of_v0.9.7_vs_release\of_v0.9.7_vs_release\addons\ofxDatGui-1.2.0\src\core\ofxDatGuiComponent.cpp">
			<Filter>addons\ofxDatGui-1.2.0\src\core</Filter>
		</ClCompile>
		<ClCompile Include="..\..\Downloads\of_v0.9.7_vs_release\of_v0.9.7_vs_release\addons\ofxDatGui-1.2.0\src\libs\ofxSmartFont\ofxSmartFont.cpp">
			<Filter>addons\ofxDatGui-1.2.0\src\libs\ofxSmartFont</Filter>
		</ClCompile>
		<ClCompile Include="..\..\Downloads\of_v0.9.7_vs_release\of_v0.9.7_vs_release\addons\ofxDatGui-1.2.0\src\ofxDatGui.cpp">
			<Filter>addons\ofxDatGui-1.2.0\src</Filter>
		</ClCompile>
		<ClCompile Include="..\..\Downloads\of_v0.9.7_vs_release\of_v0.9.7_vs_release\addons\ofxGui\src\ofxBaseGui.cpp">
			<Filter>addons\ofxGui\src</Filter>
		</ClCompile>
		<ClCompile Include="..\..\Downloads\of_v0.9.7_vs_release\of_v0.9.7_vs_release\addons\ofxGui\src\ofxButton.cpp">
			<Filter>addons\ofxGui\src</Filter>
		</ClCompile>
		<ClCompile Include="..\..\Downloads\of_v0.9.7_vs_release\of_v0.9.7_vs_release\addons\ofxGui\src\ofxGuiGroup.cpp">
			<Filter>addons\ofxGui\src</Filter>
		</ClCompile>
		<ClCompile Include="..\..\Downloads\of_v0.9.7_vs_release\of_v0.9.7_vs_release\addons\ofxGui\src\ofxLabel.cpp">
			<Filter>addons\ofxGui\src</Filter>
		</ClCompile>
		<ClCompile Include="..\..\Downloads\of_v0.9.7_vs_release\of_v0.9.7_vs_release\addons\ofxGui\src\ofxPanel.cpp">
			<Filter>addons\ofxGui\src</Filter>
		</ClCompile>
		<ClCompile Include="..\..\Downloads\of_v0.9.7_vs_release\of_v0.9.7_vs_release\addons\ofxGui\src\ofxSlider.cpp">
			<Filter>addons\ofxGui\src</Filter>
		</ClCompile>
		<ClCompile Include="..\..\Downloads\of_v0.9.7_vs_release\of_v0.9.7_vs_release\addons\ofxGui\src\ofxSliderGroup.cpp">
			<Filter>addons\ofxGui\src</Filter>
		</ClCompile>
		<ClCompile Include="..\..\Downloads\of_v0.9.7_vs_release\of_v0.9.7_vs_release\addons\ofxGui\src\ofxToggle.cpp">
			<Filter>addons\ofxGui\src</Filter>
		</ClCompile>
		<ClCompile Include="..\..\Downloads\of_v0.9.7_vs_release\of_v0.9.7_vs_release\addons\ofxNetwork\src\ofxTCPClient.cpp">
			<Filter>addons\ofxNetwork\src</Filter>
		</ClCompile>
		<ClCompile Include="..\..\Downloads\of_v0.9.7_vs_release\of_v0.9.7_vs_release\addons\ofxNetwork\src\ofxTCPManager.cpp">
			<Filter>addons\ofxNetwork\src</Filter>
		</ClCompile>
		<ClCompile Include="..\..\Downloads\of_v0.9.7_vs_release\of_v0.9.7_vs_release\addons\ofxNetwork\src\ofxTCPServer.cpp">
			<Filter>addons\ofxNetwork\src</Filter>
		</ClCompile>
		<ClCompile Include="..\..\Downloads\of_v0.9.7_vs_release\of_v0.9.7_vs_release\addons\ofxNetwork\src\ofxUDPManager.cpp">
			<Filter>addons\ofxNetwork\src</Filter>
		</ClCompile>
	</ItemGroup>
	<ItemGroup>
		<Filter Include="src">
			<UniqueIdentifier>{d8376475-7454-4a24-b08a-aac121d3ad6f}</UniqueIdentifier>
		</Filter>
		<Filter Include="addons">
			<UniqueIdentifier>{71834F65-F3A9-211E-73B8-DC85}</UniqueIdentifier>
		</Filter>
		<Filter Include="addons\ofxDatGui-1.2.0">
			<UniqueIdentifier>{61D0B76B-DEE0-1138-8F21-F6DA}</UniqueIdentifier>
		</Filter>
		<Filter Include="addons\ofxDatGui-1.2.0\src">
			<UniqueIdentifier>{CDF15111-E3E4-0CDF-090F-1024}</UniqueIdentifier>
		</Filter>
		<Filter Include="addons\ofxDatGui-1.2.0\src\components">
			<UniqueIdentifier>{2C206123-3D9A-4B94-75BB-9CC3}</UniqueIdentifier>
		</Filter>
		<Filter Include="addons\ofxDatGui-1.2.0\src\core">
			<UniqueIdentifier>{8A686633-0E2C-B770-5606-17DD}</UniqueIdentifier>
		</Filter>
		<Filter Include="addons\ofxDatGui-1.2.0\src\libs">
			<UniqueIdentifier>{0B7156B5-9582-D6D9-9C89-C57D}</UniqueIdentifier>
		</Filter>
		<Filter Include="addons\ofxDatGui-1.2.0\src\libs\ofxSmartFont">
			<UniqueIdentifier>{EA130BBD-09F4-60FF-10D8-634A}</UniqueIdentifier>
		</Filter>
		<Filter Include="addons\ofxDatGui-1.2.0\src\themes">
			<UniqueIdentifier>{493234F5-52D6-01BE-60E3-C2D6}</UniqueIdentifier>
		</Filter>
		<Filter Include="addons\ofxGui">
			<UniqueIdentifier>{4F2A59AF-5F4E-704B-D067-EC13}</UniqueIdentifier>
		</Filter>
		<Filter Include="addons\ofxGui\src">
			<UniqueIdentifier>{645E9533-4DCD-6179-1CDF-CB65}</UniqueIdentifier>
		</Filter>
		<Filter Include="addons\ofxNetwork">
			<UniqueIdentifier>{01A15744-29A6-108D-08E9-83A7}</UniqueIdentifier>
		</Filter>
		<Filter Include="addons\ofxNetwork\src">
			<UniqueIdentifier>{3D1C10C7-8F35-E796-9C70-F5F3}</UniqueIdentifier>
		</Filter>
	</ItemGroup>
	<ItemGroup>
		<ClInclude Include="src\ofApp.h">
			<Filter>src</Filter>
		</ClInclude>
		<ClInclude Include="src\ofApp.h">
			<Filter>src</Filter>
		</ClInclude>
		<ClInclude Include="..\..\Downloads\of_v0.9.7_vs_release\of_v0.9.7_vs_release\addons\ofxDatGui-1.2.0\src\components\ofxDatGui2dPad.h">
			<Filter>addons\ofxDatGui-1.2.0\src\components</Filter>
		</ClInclude>
		<ClInclude Include="..\..\Downloads\of_v0.9.7_vs_release\of_v0.9.7_vs_release\addons\ofxDatGui-1.2.0\src\components\ofxDatGuiButton.h">
			<Filter>addons\ofxDatGui-1.2.0\src\components</Filter>
		</ClInclude>
		<ClInclude Include="..\..\Downloads\of_v0.9.7_vs_release\of_v0.9.7_vs_release\addons\ofxDatGui-1.2.0\src\components\ofxDatGuiColorPicker.h">
			<Filter>addons\ofxDatGui-1.2.0\src\components</Filter>
		</ClInclude>
		<ClInclude Include="..\..\Downloads\of_v0.9.7_vs_release\of_v0.9.7_vs_release\addons\ofxDatGui-1.2.0\src\components\ofxDatGuiControls.h">
			<Filter>addons\ofxDatGui-1.2.0\src\components</Filter>
		</ClInclude>
		<ClInclude Include="..\..\Downloads\of_v0.9.7_vs_release\of_v0.9.7_vs_release\addons\ofxDatGui-1.2.0\src\components\ofxDatGuiFRM.h">
			<Filter>addons\ofxDatGui-1.2.0\src\components</Filter>
		</ClInclude>
		<ClInclude Include="..\..\Downloads\of_v0.9.7_vs_release\of_v0.9.7_vs_release\addons\ofxDatGui-1.2.0\src\components\ofxDatGuiGroups.h">
			<Filter>addons\ofxDatGui-1.2.0\src\components</Filter>
		</ClInclude>
		<ClInclude Include="..\..\Downloads\of_v0.9.7_vs_release\of_v0.9.7_vs_release\addons\ofxDatGui-1.2.0\src\components\ofxDatGuiLabel.h">
			<Filter>addons\ofxDatGui-1.2.0\src\components</Filter>
		</ClInclude>
		<ClInclude Include="..\..\Downloads\of_v0.9.7_vs_release\of_v0.9.7_vs_release\addons\ofxDatGui-1.2.0\src\components\ofxDatGuiMatrix.h">
			<Filter>addons\ofxDatGui-1.2.0\src\components</Filter>
		</ClInclude>
		<ClInclude Include="..\..\Downloads\of_v0.9.7_vs_release\of_v0.9.7_vs_release\addons\ofxDatGui-1.2.0\src\components\ofxDatGuiScrollView.h">
			<Filter>addons\ofxDatGui-1.2.0\src\components</Filter>
		</ClInclude>
		<ClInclude Include="..\..\Downloads\of_v0.9.7_vs_release\of_v0.9.7_vs_release\addons\ofxDatGui-1.2.0\src\components\ofxDatGuiSlider.h">
			<Filter>addons\ofxDatGui-1.2.0\src\components</Filter>
		</ClInclude>
		<ClInclude Include="..\..\Downloads\of_v0.9.7_vs_release\of_v0.9.7_vs_release\addons\ofxDatGui-1.2.0\src\components\ofxDatGuiTextInput.h">
			<Filter>addons\ofxDatGui-1.2.0\src\components</Filter>
		</ClInclude>
		<ClInclude Include="..\..\Downloads\of_v0.9.7_vs_release\of_v0.9.7_vs_release\addons\ofxDatGui-1.2.0\src\components\ofxDatGuiTextInputField.h">
			<Filter>addons\ofxDatGui-1.2.0\src\components</Filter>
		</ClInclude>
		<ClInclude Include="..\..\Downloads\of_v0.9.7_vs_release\of_v0.9.7_vs_release\addons\ofxDatGui-1.2.0\src\components\ofxDatGuiTimeGraph.h">
			<Filter>addons\ofxDatGui-1.2.0\src\components</Filter>
		</ClInclude>
		<ClInclude Include="..\..\Downloads\of_v0.9.7_vs_release\of_v0.9.7_vs_release\addons\ofxDatGui-1.2.0\src\core\ofxDatGuiComponent.h">
			<Filter>addons\ofxDatGui-1.2.0\src\core</Filter>
		</ClInclude>
		<ClInclude Include="..\..\Downloads\of_v0.9.7_vs_release\of_v0.9.7_vs_release\addons\ofxDatGui-1.2.0\src\core\ofxDatGuiConstants.h">
			<Filter>addons\ofxDatGui-1.2.0\src\core</Filter>
		</ClInclude>
		<ClInclude Include="..\..\Downloads\of_v0.9.7_vs_release\of_v0.9.7_vs_release\addons\ofxDatGui-1.2.0\src\core\ofxDatGuiEvents.h">
			<Filter>addons\ofxDatGui-1.2.0\src\core</Filter>
		</ClInclude>
		<ClInclude Include="..\..\Downloads\of_v0.9.7_vs_release\of_v0.9.7_vs_release\addons\ofxDatGui-1.2.0\src\core\ofxDatGuiIntObject.h">
			<Filter>addons\ofxDatGui-1.2.0\src\core</Filter>
		</ClInclude>
		<ClInclude Include="..\..\Downloads\of_v0.9.7_vs_release\of_v0.9.7_vs_release\addons\ofxDatGui-1.2.0\src\libs\ofxSmartFont\ofxSmartFont.h">
			<Filter>addons\ofxDatGui-1.2.0\src\libs\ofxSmartFont</Filter>
		</ClInclude>
		<ClInclude Include="..\..\Downloads\of_v0.9.7_vs_release\of_v0.9.7_vs_release\addons\ofxDatGui-1.2.0\src\ofxDatGui.h">
			<Filter>addons\ofxDatGui-1.2.0\src</Filter>
		</ClInclude>
		<ClInclude Include="..\..\Downloads\of_v0.9.7_vs_release\of_v0.9.7_vs_release\addons\ofxDatGui-1.2.0\src\themes\ofxDatGuiTheme.h">
			<Filter>addons\ofxDatGui-1.2.0\src\themes</Filter>
		</ClInclude>
		<ClInclude Include="..\..\Downloads\of_v0.9.7_vs_release\of_v0.9.7_vs_release\addons\ofxDatGui-1.2.0\src\themes\ofxDatGuiThemes.h">
			<Filter>addons\ofxDatGui-1.2.0\src\themes</Filter>
		</ClInclude>
		<ClInclude Include="..\..\Downloads\of_v0.9.7_vs_release\of_v0.9.7_vs_release\addons\ofxGui\src\ofxBaseGui.h">
			<Filter>addons\ofxGui\src</Filter>
		</ClInclude>
		<ClInclude Include="..\..\Downloads\of_v0.9.7_vs_release\of_v0.9.7_vs_release\addons\ofxGui\src\ofxButton.h">
			<Filter>addons\ofxGui\src</Filter>
		</ClInclude>
		<ClInclude Include="..\..\Downloads\of_v0.9.7_vs_release\of_v0.9.7_vs_release\addons\ofxGui\src\ofxGui.h">
			<Filter>addons\ofxGui\src</Filter>
		</ClInclude>
		<ClInclude Include="..\..\Downloads\of_v0.9.7_vs_release\of_v0.9.7_vs_release\addons\ofxGui\src\ofxGuiGroup.h">
			<Filter>addons\ofxGui\src</Filter>
		</ClInclude>
		<ClInclude Include="..\..\Downloads\of_v0.9.7_vs_release\of_v0.9.7_vs_release\addons\ofxGui\src\ofxLabel.h">
			<Filter>addons\ofxGui\src</Filter>
		</ClInclude>
		<ClInclude Include="..\..\Downloads\of_v0.9.7_vs_release\of_v0.9.7_vs_release\addons\ofxGui\src\ofxPanel.h">
			<Filter>addons\ofxGui\src</Filter>
		</ClInclude>
		<ClInclude Include="..\..\Downloads\of_v0.9.7_vs_release\of_v0.9.7_vs_release\addons\ofxGui\src\ofxSlider.h">
			<Filter>addons\ofxGui\src</Filter>
		</ClInclude>
		<ClInclude Include="..\..\Downloads\of_v0.9.7_vs_release\of_v0.9.7_vs_release\addons\ofxGui\src\ofxSliderGroup.h">
			<Filter>addons\ofxGui\src</Filter>
		</ClInclude>
		<ClInclude Include="..\..\Downloads\of_v0.9.7_vs_release\of_v0.9.7_vs_release\addons\ofxGui\src\ofxToggle.h">
			<Filter>addons\ofxGui\src</Filter>
		</ClInclude>
		<ClInclude Include="..\..\Downloads\of_v0.9.7_vs_release\of_v0.9.7_vs_release\addons\ofxNetwork\src\ofxNetwork.h">
			<Filter>addons\ofxNetwork\src</Filter>
		</ClInclude>
		<ClInclude Include="..\..\Downloads\of_v0.9.7_vs_release\of_v0.9.7_vs_release\addons\ofxNetwork\src\ofxNetworkUtils.h">
			<Filter>addons\ofxNetwork\src</Filter>
		</ClInclude>
		<ClInclude Include="..\..\Downloads\of_v0.9.7_vs_release\of_v0.9.7_vs_release\addons\ofxNetwork\src\ofxTCPClient.h">
			<Filter>addons\ofxNetwork\src</Filter>
		</ClInclude>
		<ClInclude Include="..\..\Downloads\of_v0.9.7_vs_release\of_v0.9.7_vs_release\addons\ofxNetwork\src\ofxTCPManager.h">
			<Filter>addons\ofxNetwork\src</Filter>
		</ClInclude>
		<ClInclude Include="..\..\Downloads\of_v0.9.7_vs_release\of_v0.9.7_vs_release\addons\ofxNetwork\src\ofxTCPServer.h">
			<Filter>addons\ofxNetwork\src</Filter>
		</ClInclude>
		<ClInclude Include="..\..\Downloads\of_v0.9.7_vs_release\of_v0.9.7_vs_release\addons\ofxNetwork\src\ofxUDPManager.h">
			<Filter>addons\ofxNetwork\src</Filter>
		</ClInclude>
	</ItemGroup>
	<ItemGroup>
		<ResourceCompile Include="icon.rc" />
	</ItemGroup>
</Project>
